{
  "name": "mushroom-selfhost",
  "lockfileVersion": 3,
  "requires": true,
  "packages": {
    "": {
      "name": "mushroom-selfhost",
      "dependencies": {
        "workerd": "1.20260801.1"
      }
    },
    "node_modules/@cloudflare/workerd-darwin-64": {
      "version": "1.20260801.1",
      "resolved": "https://registry.npmjs.org/@cloudflare/workerd-darwin-64/-/workerd-darwin-64-1.20260801.1.tgz",
      "integrity": "sha512-wuJWbXpKvncJi1P0GKS+iYpN5tHdb7JPJJ/+6ZQe8zzovHHVMkLJPNBsgWpqeUhpM3g9qTwEKd2rglNKejuh5A==",
      "cpu": [
        "x64"
      ],
      "license": "Apache-2.0",
      "optional": true,
      "os": [
        "darwin"
      ],
      "engines": {
        "node": ">=16"
      }
    },
    "node_modules/@cloudflare/workerd-darwin-arm64": {
      "version": "1.20260801.1",
      "resolved": "https://registry.npmjs.org/@cloudflare/workerd-darwin-arm64/-/workerd-darwin-arm64-1.20260801.1.tgz",
      "integrity": "sha512-kwoZiTpnhNrF3+APx84Q/oAqvJ3sU9yefGagwm/ASaH/2W19x0vghkW/r4qCoHCK0WW7EPugZ+aXjgPMRtlq1Q==",
      "cpu": [
        "arm64"
      ],
      "license": "Apache-2.0",
      "optional": true,
      "os": [
        "darwin"
      ],
      "engines": {
        "node": ">=16"
      }
    },
    "node_modules/@cloudflare/workerd-linux-64": {
      "version": "1.20260801.1",
      "resolved": "https://registry.npmjs.org/@cloudflare/workerd-linux-64/-/workerd-linux-64-1.20260801.1.tgz",
      "integrity": "sha512-r0vAxCZH+Jih9Unm1yoyiByPNWNgawcKciOHDm5Q37ZVGOkKLsT9AtLe3yLSaul76WrKqtf+JP2n0WW32VBLJg==",
      "cpu": [
        "x64"
      ],
      "license": "Apache-2.0",
      "optional": true,
      "os": [
        "linux"
      ],
      "engines": {
        "node": ">=16"
      }
    },
    "node_modules/@cloudflare/workerd-linux-arm64": {
      "version": "1.20260801.1",
      "resolved": "https://registry.npmjs.org/@cloudflare/workerd-linux-arm64/-/workerd-linux-arm64-1.20260801.1.tgz",
      "integrity": "sha512-zWgpdZtSozvIgzQNmQiDSF8yEOQJUkRAWNsDXXzAAoy+fCn8YUoSibj3mpFSbZRvbUldeBEaW6SCdC2VEMkhNQ==",
      "cpu": [
        "arm64"
      ],
      "license": "Apache-2.0",
      "optional": true,
      "os": [
        "linux"
      ],
      "engines": {
        "node": ">=16"
      }
    },
    "node_modules/@cloudflare/workerd-windows-64": {
      "version": "1.20260801.1",
      "resolved": "https://registry.npmjs.org/@cloudflare/workerd-windows-64/-/workerd-windows-64-1.20260801.1.tgz",
      "integrity": "sha512-2oQz+Ksu4ji6e/+ZoYX+tWQEcxAii2p7l+iR8kx48W1llMalaufAsmVxTlk+3/vrM7D3/2c0iK448e0UQTcIMg==",
      "cpu": [
        "x64"
      ],
      "license": "Apache-2.0",
      "optional": true,
      "os": [
        "win32"
      ],
      "engines": {
        "node": ">=16"
      }
    },
    "node_modules/workerd": {
      "version": "1.20260801.1",
      "resolved": "https://registry.npmjs.org/workerd/-/workerd-1.20260801.1.tgz",
      "integrity": "sha512-/g9JGTyqnHtoIscpBHqKD8swE2V4StBs2i69PmLiOhH45OP95jCFICl4F1hKlgN57rqfni5LiCitttoX5OOkVA==",
      "hasInstallScript": true,
      "license": "Apache-2.0",
      "bin": {
        "workerd": "bin/workerd"
      },
      "engines": {
        "node": ">=16"
      },
      "optionalDependencies": {
        "@cloudflare/workerd-darwin-64": "1.20260801.1",
        "@cloudflare/workerd-darwin-arm64": "1.20260801.1",
        "@cloudflare/workerd-linux-64": "1.20260801.1",
        "@cloudflare/workerd-linux-arm64": "1.20260801.1",
        "@cloudflare/workerd-windows-64": "1.20260801.1"
      }
    }
  }
}
